// !$*UTF8*$!
{
	archiveVersion = 1;
	classes = {
	};
	objectVersion = 56;
	objects = {

/* Begin PBXBuildFile section */
		330D786B2BB3CCD800858187 /* Common.swift in Sources */ = {isa = PBXBuildFile; fileRef = 330D786A2BB3CCD800858187 /* Common.swift */; };
		330D786E2BB3DF2100858187 /* DemonViewController.swift in Sources */ = {isa = PBXBuildFile; fileRef = 330D786D2BB3DF2100858187 /* DemonViewController.swift */; };
		33349B802BAD1B980009AF41 /* Accessories.swift in Sources */ = {isa = PBXBuildFile; fileRef = 33349B7F2BAD1B980009AF41 /* Accessories.swift */; };
		33349B852BAD1D860009AF41 /* DemonHeader.swift in Sources */ = {isa = PBXBuildFile; fileRef = 33349B842BAD1D860009AF41 /* DemonHeader.swift */; };
		33349B892BAD1E510009AF41 /* LicenseViewController.swift in Sources */ = {isa = PBXBuildFile; fileRef = 33349B882BAD1E510009AF41 /* LicenseViewController.swift */; };
		33349B8E2BAD25540009AF41 /* Preferences.swift in Sources */ = {isa = PBXBuildFile; fileRef = 33349B8D2BAD25540009AF41 /* Preferences.swift */; };
		33349B922BAD69610009AF41 /* ProfileViewController.swift in Sources */ = {isa = PBXBuildFile; fileRef = 33349B912BAD69610009AF41 /* ProfileViewController.swift */; };
		33349B942BADC2360009AF41 /* UIColor.swift in Sources */ = {isa = PBXBuildFile; fileRef = 33349B932BADC2360009AF41 /* UIColor.swift */; };
		336A9D7D2BAE7EE100134693 /* Nuke in Frameworks */ = {isa = PBXBuildFile; productRef = 336A9D7C2BAE7EE100134693 /* Nuke */; };
		336A9D7F2BAE7EE100134693 /* NukeExtensions in Frameworks */ = {isa = PBXBuildFile; productRef = 336A9D7E2BAE7EE100134693 /* NukeExtensions */; };
		336A9D812BAE7EE100134693 /* NukeUI in Frameworks */ = {isa = PBXBuildFile; productRef = 336A9D802BAE7EE100134693 /* NukeUI */; };
		336A9D832BAE7EE100134693 /* NukeVideo in Frameworks */ = {isa = PBXBuildFile; productRef = 336A9D822BAE7EE100134693 /* NukeVideo */; };
		336A9DCC2BAEFFBE00134693 /* ListSearchController.swift in Sources */ = {isa = PBXBuildFile; fileRef = 336A9DCB2BAEFFBE00134693 /* ListSearchController.swift */; };
		336A9DCE2BAF0A3100134693 /* Demons.swift in Sources */ = {isa = PBXBuildFile; fileRef = 336A9DCD2BAF0A3100134693 /* Demons.swift */; };
		336A9DD32BAFE2AF00134693 /* APIAboutViewController.swift in Sources */ = {isa = PBXBuildFile; fileRef = 336A9DD22BAFE2AF00134693 /* APIAboutViewController.swift */; };
		336A9DD52BAFEC4400134693 /* SectionIcons.swift in Sources */ = {isa = PBXBuildFile; fileRef = 336A9DD42BAFEC4400134693 /* SectionIcons.swift */; };
		338E24A02BB0193800561B18 /* ListCollectionReusableView.swift in Sources */ = {isa = PBXBuildFile; fileRef = 338E249F2BB0193800561B18 /* ListCollectionReusableView.swift */; };
		338E24A92BB0F6F800561B18 /* ListFilterController.swift in Sources */ = {isa = PBXBuildFile; fileRef = 338E24A82BB0F6F800561B18 /* ListFilterController.swift */; };
		338E24B32BB1AE8600561B18 /* LICENSE_Aidoku.md in Resources */ = {isa = PBXBuildFile; fileRef = 338E24B22BB1AE8600561B18 /* LICENSE_Aidoku.md */; };
		338E24B52BB1AEBB00561B18 /* LICENSE_Nuke.md in Resources */ = {isa = PBXBuildFile; fileRef = 338E24B42BB1AEBB00561B18 /* LICENSE_Nuke.md */; };
		338E24B72BB1AEE500561B18 /* EmptyPageStackView.swift in Sources */ = {isa = PBXBuildFile; fileRef = 338E24B62BB1AEE500561B18 /* EmptyPageStackView.swift */; };
		338E24B92BB2518200561B18 /* RecordListing.swift in Sources */ = {isa = PBXBuildFile; fileRef = 338E24B82BB2518200561B18 /* RecordListing.swift */; };
		338E24BB2BB2538500561B18 /* GetRecordsListing.swift in Sources */ = {isa = PBXBuildFile; fileRef = 338E24BA2BB2538500561B18 /* GetRecordsListing.swift */; };
		339C00CC2BABE89A00944235 /* AppDelegate.swift in Sources */ = {isa = PBXBuildFile; fileRef = 339C00CB2BABE89A00944235 /* AppDelegate.swift */; };
		339C00D02BABE89A00944235 /* TabbarController.swift in Sources */ = {isa = PBXBuildFile; fileRef = 339C00CF2BABE89A00944235 /* TabbarController.swift */; };
		339C00D52BABE89B00944235 /* Assets.xcassets in Resources */ = {isa = PBXBuildFile; fileRef = 339C00D42BABE89B00944235 /* Assets.xcassets */; };
		339C00E02BABE8E700944235 /* SettingsViewController.swift in Sources */ = {isa = PBXBuildFile; fileRef = 339C00DF2BABE8E700944235 /* SettingsViewController.swift */; };
		339C00E22BABE90200944235 /* ChangesViewController.swift in Sources */ = {isa = PBXBuildFile; fileRef = 339C00E12BABE90200944235 /* ChangesViewController.swift */; };
		339C00E42BABEA9400944235 /* ListViewController.swift in Sources */ = {isa = PBXBuildFile; fileRef = 339C00E32BABEA9400944235 /* ListViewController.swift */; };
		339C00E82BABED5A00944235 /* BasicLayoutAnchorsHolding.swift in Sources */ = {isa = PBXBuildFile; fileRef = 339C00E72BABED5A00944235 /* BasicLayoutAnchorsHolding.swift */; };
		339C00EB2BABEF6D00944235 /* SectionHeader.swift in Sources */ = {isa = PBXBuildFile; fileRef = 339C00EA2BABEF6D00944235 /* SectionHeader.swift */; };
		339C00F62BAC068700944235 /* Config.swift in Sources */ = {isa = PBXBuildFile; fileRef = 339C00F52BAC068700944235 /* Config.swift */; };
		339C00F82BAC090F00944235 /* BaseNetworking.swift in Sources */ = {isa = PBXBuildFile; fileRef = 339C00F72BAC090F00944235 /* BaseNetworking.swift */; };
		339C00FA2BAC122B00944235 /* PointercrateAPI.swift in Sources */ = {isa = PBXBuildFile; fileRef = 339C00F92BAC122B00944235 /* PointercrateAPI.swift */; };
		339C00FD2BAC16ED00944235 /* Auth.swift in Sources */ = {isa = PBXBuildFile; fileRef = 339C00FC2BAC16ED00944235 /* Auth.swift */; };
		339C00FF2BAC171800944235 /* LoginSession.swift in Sources */ = {isa = PBXBuildFile; fileRef = 339C00FE2BAC171800944235 /* LoginSession.swift */; };
		339C01012BAC241300944235 /* main.swift in Sources */ = {isa = PBXBuildFile; fileRef = 339C01002BAC241300944235 /* main.swift */; };
		339C01042BAC2A9700944235 /* Dictionary.swift in Sources */ = {isa = PBXBuildFile; fileRef = 339C01032BAC2A9700944235 /* Dictionary.swift */; };
		339C01062BAC2AB100944235 /* Storage.swift in Sources */ = {isa = PBXBuildFile; fileRef = 339C01052BAC2AB100944235 /* Storage.swift */; };
		339C01092BAC2B9900944235 /* GetDemons.swift in Sources */ = {isa = PBXBuildFile; fileRef = 339C01082BAC2B9900944235 /* GetDemons.swift */; };
		339C01112BAC3DCD00944235 /* ListDemonCell.swift in Sources */ = {isa = PBXBuildFile; fileRef = 339C01102BAC3DCC00944235 /* ListDemonCell.swift */; };
		339C01152BAC697300944235 /* URL.swift in Sources */ = {isa = PBXBuildFile; fileRef = 339C01142BAC697300944235 /* URL.swift */; };
		339C01172BAC699200944235 /* UIView.swift in Sources */ = {isa = PBXBuildFile; fileRef = 339C01162BAC699200944235 /* UIView.swift */; };
		33E0F4852BADC3C600242C93 /* Overdose_Sunrise.ttf in Resources */ = {isa = PBXBuildFile; fileRef = 33E0F4842BADC3C600242C93 /* Overdose_Sunrise.ttf */; };
		AA90C3042BB8382F00158D15 /* AuthResponse.swift in Sources */ = {isa = PBXBuildFile; fileRef = AA90C3032BB8382F00158D15 /* AuthResponse.swift */; };
/* End PBXBuildFile section */

/* Begin PBXFileReference section */
		330D786A2BB3CCD800858187 /* Common.swift */ = {isa = PBXFileReference; lastKnownFileType = sourcecode.swift; path = Common.swift; sourceTree = "<group>"; };
		330D786D2BB3DF2100858187 /* DemonViewController.swift */ = {isa = PBXFileReference; lastKnownFileType = sourcecode.swift; path = DemonViewController.swift; sourceTree = "<group>"; };
		33349B7F2BAD1B980009AF41 /* Accessories.swift */ = {isa = PBXFileReference; lastKnownFileType = sourcecode.swift; path = Accessories.swift; sourceTree = "<group>"; };
		33349B842BAD1D860009AF41 /* DemonHeader.swift */ = {isa = PBXFileReference; lastKnownFileType = sourcecode.swift; path = DemonHeader.swift; sourceTree = "<group>"; };
		33349B882BAD1E510009AF41 /* LicenseViewController.swift */ = {isa = PBXFileReference; lastKnownFileType = sourcecode.swift; path = LicenseViewController.swift; sourceTree = "<group>"; };
		33349B8D2BAD25540009AF41 /* Preferences.swift */ = {isa = PBXFileReference; lastKnownFileType = sourcecode.swift; path = Preferences.swift; sourceTree = "<group>"; };
		33349B912BAD69610009AF41 /* ProfileViewController.swift */ = {isa = PBXFileReference; lastKnownFileType = sourcecode.swift; path = ProfileViewController.swift; sourceTree = "<group>"; };
		33349B932BADC2360009AF41 /* UIColor.swift */ = {isa = PBXFileReference; lastKnownFileType = sourcecode.swift; path = UIColor.swift; sourceTree = "<group>"; };
		336A9DCB2BAEFFBE00134693 /* ListSearchController.swift */ = {isa = PBXFileReference; lastKnownFileType = sourcecode.swift; path = ListSearchController.swift; sourceTree = "<group>"; };
		336A9DCD2BAF0A3100134693 /* Demons.swift */ = {isa = PBXFileReference; lastKnownFileType = sourcecode.swift; path = Demons.swift; sourceTree = "<group>"; };
		336A9DD22BAFE2AF00134693 /* APIAboutViewController.swift */ = {isa = PBXFileReference; lastKnownFileType = sourcecode.swift; path = APIAboutViewController.swift; sourceTree = "<group>"; };
		336A9DD42BAFEC4400134693 /* SectionIcons.swift */ = {isa = PBXFileReference; lastKnownFileType = sourcecode.swift; path = SectionIcons.swift; sourceTree = "<group>"; };
		338E249F2BB0193800561B18 /* ListCollectionReusableView.swift */ = {isa = PBXFileReference; lastKnownFileType = sourcecode.swift; path = ListCollectionReusableView.swift; sourceTree = "<group>"; };
		338E24A82BB0F6F800561B18 /* ListFilterController.swift */ = {isa = PBXFileReference; lastKnownFileType = sourcecode.swift; path = ListFilterController.swift; sourceTree = "<group>"; };
		338E24B22BB1AE8600561B18 /* LICENSE_Aidoku.md */ = {isa = PBXFileReference; fileEncoding = 4; lastKnownFileType = net.daringfireball.markdown; path = LICENSE_Aidoku.md; sourceTree = "<group>"; };
		338E24B42BB1AEBB00561B18 /* LICENSE_Nuke.md */ = {isa = PBXFileReference; fileEncoding = 4; lastKnownFileType = net.daringfireball.markdown; path = LICENSE_Nuke.md; sourceTree = "<group>"; };
		338E24B62BB1AEE500561B18 /* EmptyPageStackView.swift */ = {isa = PBXFileReference; lastKnownFileType = sourcecode.swift; path = EmptyPageStackView.swift; sourceTree = "<group>"; };
		338E24B82BB2518200561B18 /* RecordListing.swift */ = {isa = PBXFileReference; lastKnownFileType = sourcecode.swift; path = RecordListing.swift; sourceTree = "<group>"; };
		338E24BA2BB2538500561B18 /* GetRecordsListing.swift */ = {isa = PBXFileReference; lastKnownFileType = sourcecode.swift; path = GetRecordsListing.swift; sourceTree = "<group>"; };
		339C00C82BABE89A00944235 /* pointercrate.app */ = {isa = PBXFileReference; explicitFileType = wrapper.application; includeInIndex = 0; path = pointercrate.app; sourceTree = BUILT_PRODUCTS_DIR; };
		339C00CB2BABE89A00944235 /* AppDelegate.swift */ = {isa = PBXFileReference; lastKnownFileType = sourcecode.swift; path = AppDelegate.swift; sourceTree = "<group>"; };
		339C00CF2BABE89A00944235 /* TabbarController.swift */ = {isa = PBXFileReference; lastKnownFileType = sourcecode.swift; path = TabbarController.swift; sourceTree = "<group>"; };
		339C00D42BABE89B00944235 /* Assets.xcassets */ = {isa = PBXFileReference; lastKnownFileType = folder.assetcatalog; path = Assets.xcassets; sourceTree = "<group>"; };
		339C00D92BABE89B00944235 /* Info.plist */ = {isa = PBXFileReference; lastKnownFileType = text.plist.xml; path = Info.plist; sourceTree = "<group>"; };
		339C00DF2BABE8E700944235 /* SettingsViewController.swift */ = {isa = PBXFileReference; lastKnownFileType = sourcecode.swift; path = SettingsViewController.swift; sourceTree = "<group>"; };
		339C00E12BABE90200944235 /* ChangesViewController.swift */ = {isa = PBXFileReference; lastKnownFileType = sourcecode.swift; path = ChangesViewController.swift; sourceTree = "<group>"; };
		339C00E32BABEA9400944235 /* ListViewController.swift */ = {isa = PBXFileReference; lastKnownFileType = sourcecode.swift; path = ListViewController.swift; sourceTree = "<group>"; };
		339C00E72BABED5A00944235 /* BasicLayoutAnchorsHolding.swift */ = {isa = PBXFileReference; lastKnownFileType = sourcecode.swift; path = BasicLayoutAnchorsHolding.swift; sourceTree = "<group>"; };
		339C00EA2BABEF6D00944235 /* SectionHeader.swift */ = {isa = PBXFileReference; lastKnownFileType = sourcecode.swift; path = SectionHeader.swift; sourceTree = "<group>"; };
		339C00F52BAC068700944235 /* Config.swift */ = {isa = PBXFileReference; lastKnownFileType = sourcecode.swift; path = Config.swift; sourceTree = "<group>"; };
		339C00F72BAC090F00944235 /* BaseNetworking.swift */ = {isa = PBXFileReference; lastKnownFileType = sourcecode.swift; path = BaseNetworking.swift; sourceTree = "<group>"; };
		339C00F92BAC122B00944235 /* PointercrateAPI.swift */ = {isa = PBXFileReference; lastKnownFileType = sourcecode.swift; path = PointercrateAPI.swift; sourceTree = "<group>"; };
		339C00FC2BAC16ED00944235 /* Auth.swift */ = {isa = PBXFileReference; lastKnownFileType = sourcecode.swift; path = Auth.swift; sourceTree = "<group>"; };
		339C00FE2BAC171800944235 /* LoginSession.swift */ = {isa = PBXFileReference; lastKnownFileType = sourcecode.swift; path = LoginSession.swift; sourceTree = "<group>"; };
		339C01002BAC241300944235 /* main.swift */ = {isa = PBXFileReference; lastKnownFileType = sourcecode.swift; path = main.swift; sourceTree = "<group>"; };
		339C01032BAC2A9700944235 /* Dictionary.swift */ = {isa = PBXFileReference; lastKnownFileType = sourcecode.swift; path = Dictionary.swift; sourceTree = "<group>"; };
		339C01052BAC2AB100944235 /* Storage.swift */ = {isa = PBXFileReference; lastKnownFileType = sourcecode.swift; path = Storage.swift; sourceTree = "<group>"; };
		339C01082BAC2B9900944235 /* GetDemons.swift */ = {isa = PBXFileReference; lastKnownFileType = sourcecode.swift; path = GetDemons.swift; sourceTree = "<group>"; };
		339C01102BAC3DCC00944235 /* ListDemonCell.swift */ = {isa = PBXFileReference; lastKnownFileType = sourcecode.swift; path = ListDemonCell.swift; sourceTree = "<group>"; };
		339C01142BAC697300944235 /* URL.swift */ = {isa = PBXFileReference; lastKnownFileType = sourcecode.swift; path = URL.swift; sourceTree = "<group>"; };
		339C01162BAC699200944235 /* UIView.swift */ = {isa = PBXFileReference; lastKnownFileType = sourcecode.swift; path = UIView.swift; sourceTree = "<group>"; };
		33E0F4842BADC3C600242C93 /* Overdose_Sunrise.ttf */ = {isa = PBXFileReference; lastKnownFileType = file; path = Overdose_Sunrise.ttf; sourceTree = "<group>"; };
		33E0F4862BADD8AA00242C93 /* .github */ = {isa = PBXFileReference; lastKnownFileType = folder; path = .github; sourceTree = "<group>"; };
		33E0F4882BADD8EB00242C93 /* .gitignore */ = {isa = PBXFileReference; lastKnownFileType = text; path = .gitignore; sourceTree = "<group>"; };
		33E0F4892BADD8FC00242C93 /* LICENSE */ = {isa = PBXFileReference; lastKnownFileType = text; path = LICENSE; sourceTree = "<group>"; };
		33E0F48A2BADD90200242C93 /* README.md */ = {isa = PBXFileReference; lastKnownFileType = net.daringfireball.markdown; path = README.md; sourceTree = "<group>"; };
		33E0F48B2BADD91B00242C93 /* Makefile */ = {isa = PBXFileReference; lastKnownFileType = sourcecode.make; path = Makefile; sourceTree = "<group>"; };
		AA90C3032BB8382F00158D15 /* AuthResponse.swift */ = {isa = PBXFileReference; lastKnownFileType = sourcecode.swift; path = AuthResponse.swift; sourceTree = "<group>"; };
/* End PBXFileReference section */

/* Begin PBXFrameworksBuildPhase section */
		339C00C52BABE89A00944235 /* Frameworks */ = {
			isa = PBXFrameworksBuildPhase;
			buildActionMask = 2147483647;
			files = (
				336A9D812BAE7EE100134693 /* NukeUI in Frameworks */,
				336A9D7D2BAE7EE100134693 /* Nuke in Frameworks */,
				336A9D7F2BAE7EE100134693 /* NukeExtensions in Frameworks */,
				336A9D832BAE7EE100134693 /* NukeVideo in Frameworks */,
			);
			runOnlyForDeploymentPostprocessing = 0;
		};
/* End PBXFrameworksBuildPhase section */

/* Begin PBXGroup section */
		330D786C2BB3DF0600858187 /* DemonViewController */ = {
			isa = PBXGroup;
			children = (
				330D786D2BB3DF2100858187 /* DemonViewController.swift */,
			);
			path = DemonViewController;
			sourceTree = "<group>";
		};
		33349B8C2BAD25450009AF41 /* Storage */ = {
			isa = PBXGroup;
			children = (
				339C01052BAC2AB100944235 /* Storage.swift */,
			);
			path = Storage;
			sourceTree = "<group>";
		};
		338E249D2BAFFBE500561B18 /* Other */ = {
			isa = PBXGroup;
			children = (
				336A9DD22BAFE2AF00134693 /* APIAboutViewController.swift */,
				338E24B62BB1AEE500561B18 /* EmptyPageStackView.swift */,
			);
			path = Other;
			sourceTree = "<group>";
		};
		338E24B12BB1AE7900561B18 /* Licenses */ = {
			isa = PBXGroup;
			children = (
				338E24B42BB1AEBB00561B18 /* LICENSE_Nuke.md */,
				338E24B22BB1AE8600561B18 /* LICENSE_Aidoku.md */,
			);
			path = Licenses;
			sourceTree = "<group>";
		};
		339C00BF2BABE89A00944235 = {
			isa = PBXGroup;
			children = (
				33E0F4862BADD8AA00242C93 /* .github */,
				33E0F4882BADD8EB00242C93 /* .gitignore */,
				33E0F48B2BADD91B00242C93 /* Makefile */,
				33E0F4892BADD8FC00242C93 /* LICENSE */,
				33E0F48A2BADD90200242C93 /* README.md */,
				339C00CA2BABE89A00944235 /* pointercrate */,
				339C00C92BABE89A00944235 /* Products */,
			);
			sourceTree = "<group>";
		};
		339C00C92BABE89A00944235 /* Products */ = {
			isa = PBXGroup;
			children = (
				339C00C82BABE89A00944235 /* pointercrate.app */,
			);
			name = Products;
			sourceTree = "<group>";
		};
		339C00CA2BABE89A00944235 /* pointercrate */ = {
			isa = PBXGroup;
			children = (
				339C01002BAC241300944235 /* main.swift */,
				339C00CB2BABE89A00944235 /* AppDelegate.swift */,
				339C00CF2BABE89A00944235 /* TabbarController.swift */,
				339C00E52BABEAA600944235 /* Views */,
				339C00E92BABEF5B00944235 /* Design */,
				339C00E62BABED3F00944235 /* Extensions */,
				339C01022BAC2A5A00944235 /* Storage */,
				339C010B2BAC2EBF00944235 /* PointercrateAPI */,
				33E0F4832BADC38100242C93 /* Resources */,
				339C00D92BABE89B00944235 /* Info.plist */,
			);
			path = pointercrate;
			sourceTree = "<group>";
		};
		339C00E52BABEAA600944235 /* Views */ = {
			isa = PBXGroup;
			children = (
				339C010F2BAC3DB200944235 /* List */,
				339C00E12BABE90200944235 /* ChangesViewController.swift */,
				339C00EC2BABF3D700944235 /* Settings */,
				338E249D2BAFFBE500561B18 /* Other */,
			);
			path = Views;
			sourceTree = "<group>";
		};
		339C00E62BABED3F00944235 /* Extensions */ = {
			isa = PBXGroup;
			children = (
				339C00E72BABED5A00944235 /* BasicLayoutAnchorsHolding.swift */,
				339C01032BAC2A9700944235 /* Dictionary.swift */,
				339C01142BAC697300944235 /* URL.swift */,
				339C01162BAC699200944235 /* UIView.swift */,
				33349B932BADC2360009AF41 /* UIColor.swift */,
			);
			path = Extensions;
			sourceTree = "<group>";
		};
		339C00E92BABEF5B00944235 /* Design */ = {
			isa = PBXGroup;
			children = (
				33349B842BAD1D860009AF41 /* DemonHeader.swift */,
				339C00EA2BABEF6D00944235 /* SectionHeader.swift */,
				33349B7F2BAD1B980009AF41 /* Accessories.swift */,
				336A9DD42BAFEC4400134693 /* SectionIcons.swift */,
			);
			path = Design;
			sourceTree = "<group>";
		};
		339C00EC2BABF3D700944235 /* Settings */ = {
			isa = PBXGroup;
			children = (
				33349B912BAD69610009AF41 /* ProfileViewController.swift */,
				339C00DF2BABE8E700944235 /* SettingsViewController.swift */,
				33349B882BAD1E510009AF41 /* LicenseViewController.swift */,
			);
			path = Settings;
			sourceTree = "<group>";
		};
		339C00F12BAC032600944235 /* API */ = {
			isa = PBXGroup;
			children = (
				339C01072BAC2B6A00944235 /* Demonlist */,
				339C00FB2BAC126000944235 /* Auth */,
				339C00F42BAC067500944235 /* Base */,
			);
			path = API;
			sourceTree = "<group>";
		};
		339C00F42BAC067500944235 /* Base */ = {
			isa = PBXGroup;
			children = (
				339C00F52BAC068700944235 /* Config.swift */,
				339C00F72BAC090F00944235 /* BaseNetworking.swift */,
				339C00F92BAC122B00944235 /* PointercrateAPI.swift */,
			);
			path = Base;
			sourceTree = "<group>";
		};
		339C00FB2BAC126000944235 /* Auth */ = {
			isa = PBXGroup;
			children = (
				339C00FC2BAC16ED00944235 /* Auth.swift */,
				339C00FE2BAC171800944235 /* LoginSession.swift */,
			);
			path = Auth;
			sourceTree = "<group>";
		};
		339C01022BAC2A5A00944235 /* Storage */ = {
			isa = PBXGroup;
			children = (
				33349B8C2BAD25450009AF41 /* Storage */,
				33349B8D2BAD25540009AF41 /* Preferences.swift */,
			);
			path = Storage;
			sourceTree = "<group>";
		};
		339C01072BAC2B6A00944235 /* Demonlist */ = {
			isa = PBXGroup;
			children = (
				339C01082BAC2B9900944235 /* GetDemons.swift */,
				338E24BA2BB2538500561B18 /* GetRecordsListing.swift */,
			);
			path = Demonlist;
			sourceTree = "<group>";
		};
		339C010A2BAC2E9F00944235 /* Models */ = {
			isa = PBXGroup;
			children = (
				339C010C2BAC2EE400944235 /* Incoming */,
			);
			path = Models;
			sourceTree = "<group>";
		};
		339C010B2BAC2EBF00944235 /* PointercrateAPI */ = {
			isa = PBXGroup;
			children = (
				339C010A2BAC2E9F00944235 /* Models */,
				339C00F12BAC032600944235 /* API */,
			);
			path = PointercrateAPI;
			sourceTree = "<group>";
		};
		339C010C2BAC2EE400944235 /* Incoming */ = {
			isa = PBXGroup;
			children = (
				336A9DCD2BAF0A3100134693 /* Demons.swift */,
				338E24B82BB2518200561B18 /* RecordListing.swift */,
				330D786A2BB3CCD800858187 /* Common.swift */,
				AA90C3032BB8382F00158D15 /* AuthResponse.swift */,
			);
			path = Incoming;
			sourceTree = "<group>";
		};
		339C010F2BAC3DB200944235 /* List */ = {
			isa = PBXGroup;
			children = (
				339C00E32BABEA9400944235 /* ListViewController.swift */,
				338E249F2BB0193800561B18 /* ListCollectionReusableView.swift */,
				336A9DCB2BAEFFBE00134693 /* ListSearchController.swift */,
				338E24A82BB0F6F800561B18 /* ListFilterController.swift */,
				339C01102BAC3DCC00944235 /* ListDemonCell.swift */,
				330D786C2BB3DF0600858187 /* DemonViewController */,
			);
			path = List;
			sourceTree = "<group>";
		};
		33E0F4832BADC38100242C93 /* Resources */ = {
			isa = PBXGroup;
			children = (
				338E24B12BB1AE7900561B18 /* Licenses */,
				33E0F4842BADC3C600242C93 /* Overdose_Sunrise.ttf */,
				339C00D42BABE89B00944235 /* Assets.xcassets */,
			);
			path = Resources;
			sourceTree = "<group>";
		};
/* End PBXGroup section */

/* Begin PBXNativeTarget section */
		339C00C72BABE89A00944235 /* pointercrate */ = {
			isa = PBXNativeTarget;
			buildConfigurationList = 339C00DC2BABE89B00944235 /* Build configuration list for PBXNativeTarget "pointercrate" */;
			buildPhases = (
				339C00C42BABE89A00944235 /* Sources */,
				339C00C52BABE89A00944235 /* Frameworks */,
				339C00C62BABE89A00944235 /* Resources */,
			);
			buildRules = (
			);
			dependencies = (
			);
			name = pointercrate;
			packageProductDependencies = (
				336A9D7C2BAE7EE100134693 /* Nuke */,
				336A9D7E2BAE7EE100134693 /* NukeExtensions */,
				336A9D802BAE7EE100134693 /* NukeUI */,
				336A9D822BAE7EE100134693 /* NukeVideo */,
			);
			productName = pointercrate;
			productReference = 339C00C82BABE89A00944235 /* pointercrate.app */;
			productType = "com.apple.product-type.application";
		};
/* End PBXNativeTarget section */

/* Begin PBXProject section */
		339C00C02BABE89A00944235 /* Project object */ = {
			isa = PBXProject;
			attributes = {
				BuildIndependentTargetsInParallel = 1;
				LastSwiftUpdateCheck = 1500;
				LastUpgradeCheck = 1500;
				TargetAttributes = {
					339C00C72BABE89A00944235 = {
						CreatedOnToolsVersion = 15.0.1;
					};
				};
			};
			buildConfigurationList = 339C00C32BABE89A00944235 /* Build configuration list for PBXProject "pointercrate" */;
			compatibilityVersion = "Xcode 14.0";
			developmentRegion = en;
			hasScannedForEncodings = 0;
			knownRegions = (
				en,
				Base,
			);
			mainGroup = 339C00BF2BABE89A00944235;
			packageReferences = (
				336A9D7B2BAE7EE100134693 /* XCRemoteSwiftPackageReference "Nuke" */,
			);
			productRefGroup = 339C00C92BABE89A00944235 /* Products */;
			projectDirPath = "";
			projectRoot = "";
			targets = (
				339C00C72BABE89A00944235 /* pointercrate */,
			);
		};
/* End PBXProject section */

/* Begin PBXResourcesBuildPhase section */
		339C00C62BABE89A00944235 /* Resources */ = {
			isa = PBXResourcesBuildPhase;
			buildActionMask = 2147483647;
			files = (
				33E0F4852BADC3C600242C93 /* Overdose_Sunrise.ttf in Resources */,
				338E24B32BB1AE8600561B18 /* LICENSE_Aidoku.md in Resources */,
				339C00D52BABE89B00944235 /* Assets.xcassets in Resources */,
				338E24B52BB1AEBB00561B18 /* LICENSE_Nuke.md in Resources */,
			);
			runOnlyForDeploymentPostprocessing = 0;
		};
/* End PBXResourcesBuildPhase section */

/* Begin PBXSourcesBuildPhase section */
		339C00C42BABE89A00944235 /* Sources */ = {
			isa = PBXSourcesBuildPhase;
			buildActionMask = 2147483647;
			files = (
				336A9DCC2BAEFFBE00134693 /* ListSearchController.swift in Sources */,
				339C00D02BABE89A00944235 /* TabbarController.swift in Sources */,
				33349B802BAD1B980009AF41 /* Accessories.swift in Sources */,
				339C01042BAC2A9700944235 /* Dictionary.swift in Sources */,
				336A9DD52BAFEC4400134693 /* SectionIcons.swift in Sources */,
				336A9DCE2BAF0A3100134693 /* Demons.swift in Sources */,
				339C00CC2BABE89A00944235 /* AppDelegate.swift in Sources */,
				AA90C3042BB8382F00158D15 /* AuthResponse.swift in Sources */,
				339C01092BAC2B9900944235 /* GetDemons.swift in Sources */,
				33349B922BAD69610009AF41 /* ProfileViewController.swift in Sources */,
				339C00F82BAC090F00944235 /* BaseNetworking.swift in Sources */,
				339C00E42BABEA9400944235 /* ListViewController.swift in Sources */,
				338E24B92BB2518200561B18 /* RecordListing.swift in Sources */,
				33349B942BADC2360009AF41 /* UIColor.swift in Sources */,
				330D786B2BB3CCD800858187 /* Common.swift in Sources */,
				339C00F62BAC068700944235 /* Config.swift in Sources */,
				339C00EB2BABEF6D00944235 /* SectionHeader.swift in Sources */,
				338E24A02BB0193800561B18 /* ListCollectionReusableView.swift in Sources */,
				339C00E02BABE8E700944235 /* SettingsViewController.swift in Sources */,
				338E24B72BB1AEE500561B18 /* EmptyPageStackView.swift in Sources */,
				339C01172BAC699200944235 /* UIView.swift in Sources */,
				339C01112BAC3DCD00944235 /* ListDemonCell.swift in Sources */,
				339C00E22BABE90200944235 /* ChangesViewController.swift in Sources */,
				330D786E2BB3DF2100858187 /* DemonViewController.swift in Sources */,
				339C00E82BABED5A00944235 /* BasicLayoutAnchorsHolding.swift in Sources */,
				33349B852BAD1D860009AF41 /* DemonHeader.swift in Sources */,
				339C00FD2BAC16ED00944235 /* Auth.swift in Sources */,
				339C01012BAC241300944235 /* main.swift in Sources */,
				339C01152BAC697300944235 /* URL.swift in Sources */,
				33349B892BAD1E510009AF41 /* LicenseViewController.swift in Sources */,
				336A9DD32BAFE2AF00134693 /* APIAboutViewController.swift in Sources */,
				33349B8E2BAD25540009AF41 /* Preferences.swift in Sources */,
				339C00FF2BAC171800944235 /* LoginSession.swift in Sources */,
				338E24BB2BB2538500561B18 /* GetRecordsListing.swift in Sources */,
				338E24A92BB0F6F800561B18 /* ListFilterController.swift in Sources */,
				339C01062BAC2AB100944235 /* Storage.swift in Sources */,
				339C00FA2BAC122B00944235 /* PointercrateAPI.swift in Sources */,
			);
			runOnlyForDeploymentPostprocessing = 0;
		};
/* End PBXSourcesBuildPhase section */

/* Begin XCBuildConfiguration section */
		339C00DA2BABE89B00944235 /* Debug */ = {
			isa = XCBuildConfiguration;
			buildSettings = {
				ALWAYS_SEARCH_USER_PATHS = NO;
				ASSETCATALOG_COMPILER_GENERATE_SWIFT_ASSET_SYMBOL_EXTENSIONS = YES;
				CLANG_ANALYZER_NONNULL = YES;
				CLANG_ANALYZER_NUMBER_OBJECT_CONVERSION = YES_AGGRESSIVE;
				CLANG_CXX_LANGUAGE_STANDARD = "gnu++20";
				CLANG_ENABLE_MODULES = YES;
				CLANG_ENABLE_OBJC_ARC = YES;
				CLANG_ENABLE_OBJC_WEAK = YES;
				CLANG_WARN_BLOCK_CAPTURE_AUTORELEASING = YES;
				CLANG_WARN_BOOL_CONVERSION = YES;
				CLANG_WARN_COMMA = YES;
				CLANG_WARN_CONSTANT_CONVERSION = YES;
				CLANG_WARN_DEPRECATED_OBJC_IMPLEMENTATIONS = YES;
				CLANG_WARN_DIRECT_OBJC_ISA_USAGE = YES_ERROR;
				CLANG_WARN_DOCUMENTATION_COMMENTS = YES;
				CLANG_WARN_EMPTY_BODY = YES;
				CLANG_WARN_ENUM_CONVERSION = YES;
				CLANG_WARN_INFINITE_RECURSION = YES;
				CLANG_WARN_INT_CONVERSION = YES;
				CLANG_WARN_NON_LITERAL_NULL_CONVERSION = YES;
				CLANG_WARN_OBJC_IMPLICIT_RETAIN_SELF = YES;
				CLANG_WARN_OBJC_LITERAL_CONVERSION = YES;
				CLANG_WARN_OBJC_ROOT_CLASS = YES_ERROR;
				CLANG_WARN_QUOTED_INCLUDE_IN_FRAMEWORK_HEADER = YES;
				CLANG_WARN_RANGE_LOOP_ANALYSIS = YES;
				CLANG_WARN_STRICT_PROTOTYPES = YES;
				CLANG_WARN_SUSPICIOUS_MOVE = YES;
				CLANG_WARN_UNGUARDED_AVAILABILITY = YES_AGGRESSIVE;
				CLANG_WARN_UNREACHABLE_CODE = YES;
				CLANG_WARN__DUPLICATE_METHOD_MATCH = YES;
				COPY_PHASE_STRIP = NO;
				DEBUG_INFORMATION_FORMAT = dwarf;
				ENABLE_STRICT_OBJC_MSGSEND = YES;
				ENABLE_TESTABILITY = YES;
				ENABLE_USER_SCRIPT_SANDBOXING = YES;
				GCC_C_LANGUAGE_STANDARD = gnu17;
				GCC_DYNAMIC_NO_PIC = NO;
				GCC_NO_COMMON_BLOCKS = YES;
				GCC_OPTIMIZATION_LEVEL = 0;
				GCC_PREPROCESSOR_DEFINITIONS = (
					"DEBUG=1",
					"$(inherited)",
				);
				GCC_WARN_64_TO_32_BIT_CONVERSION = YES;
				GCC_WARN_ABOUT_RETURN_TYPE = YES_ERROR;
				GCC_WARN_UNDECLARED_SELECTOR = YES;
				GCC_WARN_UNINITIALIZED_AUTOS = YES_AGGRESSIVE;
				GCC_WARN_UNUSED_FUNCTION = YES;
				GCC_WARN_UNUSED_VARIABLE = YES;
				IPHONEOS_DEPLOYMENT_TARGET = 15.0;
				LOCALIZATION_PREFERS_STRING_CATALOGS = YES;
				MTL_ENABLE_DEBUG_INFO = INCLUDE_SOURCE;
				MTL_FAST_MATH = YES;
				ONLY_ACTIVE_ARCH = YES;
				SDKROOT = iphoneos;
				SWIFT_ACTIVE_COMPILATION_CONDITIONS = "DEBUG $(inherited)";
				SWIFT_OPTIMIZATION_LEVEL = "-Onone";
			};
			name = Debug;
		};
		339C00DB2BABE89B00944235 /* Release */ = {
			isa = XCBuildConfiguration;
			buildSettings = {
				ALWAYS_SEARCH_USER_PATHS = NO;
				ASSETCATALOG_COMPILER_GENERATE_SWIFT_ASSET_SYMBOL_EXTENSIONS = YES;
				CLANG_ANALYZER_NONNULL = YES;
				CLANG_ANALYZER_NUMBER_OBJECT_CONVERSION = YES_AGGRESSIVE;
				CLANG_CXX_LANGUAGE_STANDARD = "gnu++20";
				CLANG_ENABLE_MODULES = YES;
				CLANG_ENABLE_OBJC_ARC = YES;
				CLANG_ENABLE_OBJC_WEAK = YES;
				CLANG_WARN_BLOCK_CAPTURE_AUTORELEASING = YES;
				CLANG_WARN_BOOL_CONVERSION = YES;
				CLANG_WARN_COMMA = YES;
				CLANG_WARN_CONSTANT_CONVERSION = YES;
				CLANG_WARN_DEPRECATED_OBJC_IMPLEMENTATIONS = YES;
				CLANG_WARN_DIRECT_OBJC_ISA_USAGE = YES_ERROR;
				CLANG_WARN_DOCUMENTATION_COMMENTS = YES;
				CLANG_WARN_EMPTY_BODY = YES;
				CLANG_WARN_ENUM_CONVERSION = YES;
				CLANG_WARN_INFINITE_RECURSION = YES;
				CLANG_WARN_INT_CONVERSION = YES;
				CLANG_WARN_NON_LITERAL_NULL_CONVERSION = YES;
				CLANG_WARN_OBJC_IMPLICIT_RETAIN_SELF = YES;
				CLANG_WARN_OBJC_LITERAL_CONVERSION = YES;
				CLANG_WARN_OBJC_ROOT_CLASS = YES_ERROR;
				CLANG_WARN_QUOTED_INCLUDE_IN_FRAMEWORK_HEADER = YES;
				CLANG_WARN_RANGE_LOOP_ANALYSIS = YES;
				CLANG_WARN_STRICT_PROTOTYPES = YES;
				CLANG_WARN_SUSPICIOUS_MOVE = YES;
				CLANG_WARN_UNGUARDED_AVAILABILITY = YES_AGGRESSIVE;
				CLANG_WARN_UNREACHABLE_CODE = YES;
				CLANG_WARN__DUPLICATE_METHOD_MATCH = YES;
				COPY_PHASE_STRIP = NO;
				DEBUG_INFORMATION_FORMAT = "dwarf-with-dsym";
				ENABLE_NS_ASSERTIONS = NO;
				ENABLE_STRICT_OBJC_MSGSEND = YES;
				ENABLE_USER_SCRIPT_SANDBOXING = YES;
				GCC_C_LANGUAGE_STANDARD = gnu17;
				GCC_NO_COMMON_BLOCKS = YES;
				GCC_WARN_64_TO_32_BIT_CONVERSION = YES;
				GCC_WARN_ABOUT_RETURN_TYPE = YES_ERROR;
				GCC_WARN_UNDECLARED_SELECTOR = YES;
				GCC_WARN_UNINITIALIZED_AUTOS = YES_AGGRESSIVE;
				GCC_WARN_UNUSED_FUNCTION = YES;
				GCC_WARN_UNUSED_VARIABLE = YES;
				IPHONEOS_DEPLOYMENT_TARGET = 15.0;
				LOCALIZATION_PREFERS_STRING_CATALOGS = YES;
				MTL_ENABLE_DEBUG_INFO = NO;
				MTL_FAST_MATH = YES;
				SDKROOT = iphoneos;
				SWIFT_COMPILATION_MODE = wholemodule;
				VALIDATE_PRODUCT = YES;
			};
			name = Release;
		};
		339C00DD2BABE89B00944235 /* Debug */ = {
			isa = XCBuildConfiguration;
			buildSettings = {
				ASSETCATALOG_COMPILER_APPICON_NAME = AppIcon;
				ASSETCATALOG_COMPILER_GLOBAL_ACCENT_COLOR_NAME = AccentColor;
				CODE_SIGN_STYLE = Automatic;
				CURRENT_PROJECT_VERSION = 1;
				DEVELOPMENT_TEAM = DLSL362JHJ;
				GENERATE_INFOPLIST_FILE = YES;
				INFOPLIST_FILE = pointercrate/Info.plist;
				INFOPLIST_KEY_CFBundleDisplayName = "Demon List";
				INFOPLIST_KEY_LSApplicationCategoryType = "public.app-category.games";
				INFOPLIST_KEY_UIApplicationSupportsIndirectInputEvents = YES;
				INFOPLIST_KEY_UILaunchStoryboardName = LaunchScreen;
				INFOPLIST_KEY_UISupportedInterfaceOrientations = UIInterfaceOrientationPortrait;
				INFOPLIST_KEY_UISupportedInterfaceOrientations_iPad = "UIInterfaceOrientationLandscapeLeft UIInterfaceOrientationLandscapeRight UIInterfaceOrientationPortrait UIInterfaceOrientationPortraitUpsideDown";
				IPHONEOS_DEPLOYMENT_TARGET = 15.0;
				LD_RUNPATH_SEARCH_PATHS = (
					"$(inherited)",
					"@executable_path/Frameworks",
				);
				MARKETING_VERSION = 1.0;
				PRODUCT_BUNDLE_IDENTIFIER = com.ssalggnikool.pointercrate;
				PRODUCT_NAME = "$(TARGET_NAME)";
				SWIFT_EMIT_LOC_STRINGS = YES;
				SWIFT_VERSION = 5.0;
				TARGETED_DEVICE_FAMILY = "1,2";
			};
			name = Debug;
		};
		339C00DE2BABE89B00944235 /* Release */ = {
			isa = XCBuildConfiguration;
			buildSettings = {
				ASSETCATALOG_COMPILER_APPICON_NAME = AppIcon;
				ASSETCATALOG_COMPILER_GLOBAL_ACCENT_COLOR_NAME = AccentColor;
				CODE_SIGN_STYLE = Automatic;
				CURRENT_PROJECT_VERSION = 1;
				DEVELOPMENT_TEAM = DLSL362JHJ;
				GENERATE_INFOPLIST_FILE = YES;
				INFOPLIST_FILE = pointercrate/Info.plist;
				INFOPLIST_KEY_CFBundleDisplayName = "Demon List";
				INFOPLIST_KEY_LSApplicationCategoryType = "public.app-category.games";
				INFOPLIST_KEY_UIApplicationSupportsIndirectInputEvents = YES;
				INFOPLIST_KEY_UILaunchStoryboardName = LaunchScreen;
				INFOPLIST_KEY_UISupportedInterfaceOrientations = UIInterfaceOrientationPortrait;
				INFOPLIST_KEY_UISupportedInterfaceOrientations_iPad = "UIInterfaceOrientationLandscapeLeft UIInterfaceOrientationLandscapeRight UIInterfaceOrientationPortrait UIInterfaceOrientationPortraitUpsideDown";
				IPHONEOS_DEPLOYMENT_TARGET = 15.0;
				LD_RUNPATH_SEARCH_PATHS = (
					"$(inherited)",
					"@executable_path/Frameworks",
				);
				MARKETING_VERSION = 1.0;
				PRODUCT_BUNDLE_IDENTIFIER = com.ssalggnikool.pointercrate;
				PRODUCT_NAME = "$(TARGET_NAME)";
				SWIFT_EMIT_LOC_STRINGS = YES;
				SWIFT_VERSION = 5.0;
				TARGETED_DEVICE_FAMILY = "1,2";
			};
			name = Release;
		};
/* End XCBuildConfiguration section */

/* Begin XCConfigurationList section */
		339C00C32BABE89A00944235 /* Build configuration list for PBXProject "pointercrate" */ = {
			isa = XCConfigurationList;
			buildConfigurations = (
				339C00DA2BABE89B00944235 /* Debug */,
				339C00DB2BABE89B00944235 /* Release */,
			);
			defaultConfigurationIsVisible = 0;
			defaultConfigurationName = Release;
		};
		339C00DC2BABE89B00944235 /* Build configuration list for PBXNativeTarget "pointercrate" */ = {
			isa = XCConfigurationList;
			buildConfigurations = (
				339C00DD2BABE89B00944235 /* Debug */,
				339C00DE2BABE89B00944235 /* Release */,
			);
			defaultConfigurationIsVisible = 0;
			defaultConfigurationName = Release;
		};
/* End XCConfigurationList section */

/* Begin XCRemoteSwiftPackageReference section */
		336A9D7B2BAE7EE100134693 /* XCRemoteSwiftPackageReference "Nuke" */ = {
			isa = XCRemoteSwiftPackageReference;
			repositoryURL = "https://github.com/kean/Nuke";
			requirement = {
				kind = upToNextMajorVersion;
				minimumVersion = 12.4.0;
			};
		};
/* End XCRemoteSwiftPackageReference section */

/* Begin XCSwiftPackageProductDependency section */
		336A9D7C2BAE7EE100134693 /* Nuke */ = {
			isa = XCSwiftPackageProductDependency;
			package = 336A9D7B2BAE7EE100134693 /* XCRemoteSwiftPackageReference "Nuke" */;
			productName = Nuke;
		};
		336A9D7E2BAE7EE100134693 /* NukeExtensions */ = {
			isa = XCSwiftPackageProductDependency;
			package = 336A9D7B2BAE7EE100134693 /* XCRemoteSwiftPackageReference "Nuke" */;
			productName = NukeExtensions;
		};
		336A9D802BAE7EE100134693 /* NukeUI */ = {
			isa = XCSwiftPackageProductDependency;
			package = 336A9D7B2BAE7EE100134693 /* XCRemoteSwiftPackageReference "Nuke" */;
			productName = NukeUI;
		};
		336A9D822BAE7EE100134693 /* NukeVideo */ = {
			isa = XCSwiftPackageProductDependency;
			package = 336A9D7B2BAE7EE100134693 /* XCRemoteSwiftPackageReference "Nuke" */;
			productName = NukeVideo;
		};
/* End XCSwiftPackageProductDependency section */
	};
	rootObject = 339C00C02BABE89A00944235 /* Project object */;
}
